Microsoft Visual Studio Solution File, Format Version 12.00
# Visual Studio Version 17
VisualStudioVersion = 17.8.0.0
MinimumVisualStudioVersion = 17.8.0.0
Project("{9A19103F-16F7-4668-BE54-9A1E7A4F7556}") = "advanced-collector-filtering.AppHost", "advanced-collector-filtering.AppHost\advanced-collector-filtering.AppHost.csproj", "{D51FA8FA-0F16-4380-8E19-1F7B608D3BE1}"
EndProject
Project("{9A19103F-16F7-4668-BE54-9A1E7A4F7556}") = "advanced-collector-filtering.ServiceDefaults", "advanced-collector-filtering.ServiceDefaults\advanced-collector-filtering.ServiceDefaults.csproj", "{5C3DB6E8-136C-4DBF-AEAC-365ED06FB091}"
EndProject
Project("{9A19103F-16F7-4668-BE54-9A1E7A4F7556}") = "advanced-collector-filtering.ApiService", "advanced-collector-filtering.ApiService\advanced-collector-filtering.ApiService.csproj", "{28DC6DB6-46BF-46E8-BDEE-07F86B1ED06A}"
EndProject
Project("{FAE04EC0-301F-11D3-BF4B-00C04F79EFBC}") = "console-test", "console-test\console-test.csproj", "{E30C0E95-C3B9-4A2E-8B03-CFEFB7B739D0}"
EndProject
Global
	GlobalSection(SolutionConfigurationPlatforms) = preSolution
		Debug|Any CPU = Debug|Any CPU
		Release|Any CPU = Release|Any CPU
	EndGlobalSection
	GlobalSection(ProjectConfigurationPlatforms) = postSolution
		{D51FA8FA-0F16-4380-8E19-1F7B608D3BE1}.Debug|Any CPU.ActiveCfg = Debug|Any CPU
		{D51FA8FA-0F16-4380-8E19-1F7B608D3BE1}.Debug|Any CPU.Build.0 = Debug|Any CPU
		{D51FA8FA-0F16-4380-8E19-1F7B608D3BE1}.Release|Any CPU.ActiveCfg = Release|Any CPU
		{D51FA8FA-0F16-4380-8E19-1F7B608D3BE1}.Release|Any CPU.Build.0 = Release|Any CPU
		{5C3DB6E8-136C-4DBF-AEAC-365ED06FB091}.Debug|Any CPU.ActiveCfg = Debug|Any CPU
		{5C3DB6E8-136C-4DBF-AEAC-365ED06FB091}.Debug|Any CPU.Build.0 = Debug|Any CPU
		{5C3DB6E8-136C-4DBF-AEAC-365ED06FB091}.Release|Any CPU.ActiveCfg = Release|Any CPU
		{5C3DB6E8-136C-4DBF-AEAC-365ED06FB091}.Release|Any CPU.Build.0 = Release|Any CPU
		{28DC6DB6-46BF-46E8-BDEE-07F86B1ED06A}.Debug|Any CPU.ActiveCfg = Debug|Any CPU
		{28DC6DB6-46BF-46E8-BDEE-07F86B1ED06A}.Debug|Any CPU.Build.0 = Debug|Any CPU
		{28DC6DB6-46BF-46E8-BDEE-07F86B1ED06A}.Release|Any CPU.ActiveCfg = Release|Any CPU
		{28DC6DB6-46BF-46E8-BDEE-07F86B1ED06A}.Release|Any CPU.Build.0 = Release|Any CPU
		{E30C0E95-C3B9-4A2E-8B03-CFEFB7B739D0}.Debug|Any CPU.ActiveCfg = Debug|Any CPU
		{E30C0E95-C3B9-4A2E-8B03-CFEFB7B739D0}.Debug|Any CPU.Build.0 = Debug|Any CPU
		{E30C0E95-C3B9-4A2E-8B03-CFEFB7B739D0}.Release|Any CPU.ActiveCfg = Release|Any CPU
		{E30C0E95-C3B9-4A2E-8B03-CFEFB7B739D0}.Release|Any CPU.Build.0 = Release|Any CPU
	EndGlobalSection
	GlobalSection(SolutionProperties) = preSolution
		HideSolutionNode = FALSE
	EndGlobalSection
	GlobalSection(ExtensibilityGlobals) = postSolution
		SolutionGuid = {469BDD08-F421-44AB-8007-8924863DD3D4}
	EndGlobalSection
EndGlobal
